
Microsoft Visual Studio Solution File, Format Version 12.00
# Visual Studio Version 17
VisualStudioVersion = 17.9.34701.34
MinimumVisualStudioVersion = 10.0.40219.1
Project("{FAE04EC0-301F-11D3-BF4B-00C04F79EFBC}") = "BibliotecaConsole", "BibliotecaConsole.csproj", "{014FF962-9E30-4040-B0CF-EF90D207D3AA}"
EndProject
Global
	GlobalSection(SolutionConfigurationPlatforms) = preSolution
		Debug|Any CPU = Debug|Any CPU
		Release|Any CPU = Release|Any CPU
	EndGlobalSection
	GlobalSection(ProjectConfigurationPlatforms) = postSolution
		{014FF962-9E30-4040-B0CF-EF90D207D3AA}.Debug|Any CPU.ActiveCfg = Debug|Any CPU
		{014FF962-9E30-4040-B0CF-EF90D207D3AA}.Debug|Any CPU.Build.0 = Debug|Any CPU
		{014FF962-9E30-4040-B0CF-EF90D207D3AA}.Release|Any CPU.ActiveCfg = Release|Any CPU
		{014FF962-9E30-4040-B0CF-EF90D207D3AA}.Release|Any CPU.Build.0 = Release|Any CPU
	EndGlobalSection
	GlobalSection(SolutionProperties) = preSolution
		HideSolutionNode = FALSE
	EndGlobalSection
	GlobalSection(ExtensibilityGlobals) = postSolution
		SolutionGuid = {7937A24A-803E-4C76-B283-B5B90A54B8E8}
	EndGlobalSection
EndGlobal
